
Microsoft Visual Studio Solution File, Format Version 12.00
# Visual Studio Version 17
VisualStudioVersion = 17.6.33712.159
MinimumVisualStudioVersion = 10.0.40219.1
Project("{FAE04EC0-301F-11D3-BF4B-00C04F79EFBC}") = "backend-app", "backend-app\backend-app.csproj", "{87280EEF-CE5D-492B-B52F-2C6B5711A785}"
EndProject
Global
	GlobalSection(SolutionConfigurationPlatforms) = preSolution
		Debug|Any CPU = Debug|Any CPU
		Release|Any CPU = Release|Any CPU
	EndGlobalSection
	GlobalSection(ProjectConfigurationPlatforms) = postSolution
		{87280EEF-CE5D-492B-B52F-2C6B5711A785}.Debug|Any CPU.ActiveCfg = Debug|Any CPU
		{87280EEF-CE5D-492B-B52F-2C6B5711A785}.Debug|Any CPU.Build.0 = Debug|Any CPU
		{87280EEF-CE5D-492B-B52F-2C6B5711A785}.Release|Any CPU.ActiveCfg = Release|Any CPU
		{87280EEF-CE5D-492B-B52F-2C6B5711A785}.Release|Any CPU.Build.0 = Release|Any CPU
	EndGlobalSection
	GlobalSection(SolutionProperties) = preSolution
		HideSolutionNode = FALSE
	EndGlobalSection
	GlobalSection(ExtensibilityGlobals) = postSolution
		SolutionGuid = {1EBA3774-52FE-483E-B482-9D77FA0F7596}
	EndGlobalSection
EndGlobal
